{
    "_readme": [
        "This file locks the dependencies of your project to a known state",
        "Read more about it at http://getcomposer.org/doc/01-basic-usage.md#composer-lock-the-lock-file",
        "This file is @generated automatically"
    ],
    "hash": "1828d2d7e14b91690fcb9e4f647056f0",
    "packages": [
        {
            "name": "bobdenotter/seo",
            "version": "v0.9.0",
            "source": {
                "type": "git",
                "url": "https://github.com/bobdenotter/seo.git",
                "reference": "ebb3c1ad4b3f85c6ea337ebe023480a4b14ebb48"
            },
            "dist": {
                "type": "zip",
                "url": "https://api.github.com/repos/bobdenotter/seo/zipball/ebb3c1ad4b3f85c6ea337ebe023480a4b14ebb48",
                "reference": "ebb3c1ad4b3f85c6ea337ebe023480a4b14ebb48",
                "shasum": ""
            },
            "require": {
                "bolt/bolt": ">=2.1.0,<3.0.0"
            },
            "type": "bolt-extension",
            "extra": {
                "bolt-assets": "assets"
            },
            "autoload": {
                "files": [
                    "init.php"
                ],
                "psr-4": {
                    "Bolt\\Extension\\BobdenOtter\\Seo\\": ""
                }
            },
            "license": [
                "MIT"
            ],
            "authors": [
                {
                    "name": "Bob den Otter",
                    "email": "bob@twokings.nl"
                }
            ],
            "description": "An extension to easily manage SEO title, meta description and OG tags.",
            "support": {
                "source": "https://github.com/bobdenotter/seo/tree/v0.9.0",
                "issues": "https://github.com/bobdenotter/seo/issues"
            },
            "time": "2015-06-03 12:07:13"
        },
        {
            "name": "bolt/boltforms",
            "version": "v2.1.4",
            "source": {
                "type": "git",
                "url": "https://github.com/GawainLynch/bolt-extension-boltforms.git",
                "reference": "12a4f03b0c36f156e98849295d16d76f04e3b480"
            },
            "dist": {
                "type": "zip",
                "url": "https://api.github.com/repos/GawainLynch/bolt-extension-boltforms/zipball/12a4f03b0c36f156e98849295d16d76f04e3b480",
                "reference": "12a4f03b0c36f156e98849295d16d76f04e3b480",
                "shasum": ""
            },
            "require": {
                "bolt/bolt": ">=2.1.0,<3.0.0"
            },
            "type": "bolt-extension",
            "extra": {
                "branch-alias": {
                    "dev-master": "2.2.*-dev"
                }
            },
            "autoload": {
                "files": [
                    "init.php"
                ],
                "psr-4": {
                    "Bolt\\Extension\\Bolt\\BoltForms\\": [
                        "",
                        "src/"
                    ],
                    "Bolt\\Extension\\Bolt\\BoltForms\\Tests\\": "tests/",
                    "ReCaptcha\\": "lib/ReCaptcha/"
                }
            },
            "license": [
                "GPL-3.0+"
            ],
            "authors": [
                {
                    "name": "Gawain Lynch",
                    "email": "gawain.lynch@gmail.com"
                }
            ],
            "description": "Symfony Forms API for bolt",
            "keywords": [
                ""
            ],
            "support": {
                "source": "https://github.com/GawainLynch/bolt-extension-boltforms/tree/v2.1.4",
                "issues": "https://github.com/GawainLynch/bolt-extension-boltforms/issues"
            },
            "time": "2015-04-14 09:58:17"
        },
        {
            "name": "bolt/rssfeed",
            "version": "v2.1.1",
            "source": {
                "type": "git",
                "url": "https://github.com/GawainLynch/bolt-extension-rssfeed.git",
                "reference": "9213167b6a63f4afc3e9adab417a8b4cc356161a"
            },
            "dist": {
                "type": "zip",
                "url": "https://api.github.com/repos/GawainLynch/bolt-extension-rssfeed/zipball/9213167b6a63f4afc3e9adab417a8b4cc356161a",
                "reference": "9213167b6a63f4afc3e9adab417a8b4cc356161a",
                "shasum": ""
            },
            "require": {
                "bolt/bolt": ">=2.0.0,<3.0.0"
            },
            "type": "bolt-extension",
            "autoload": {
                "files": [
                    "init.php"
                ],
                "psr-4": {
                    "Bolt\\Extension\\Bolt\\RSSFeed\\": [
                        "",
                        "src/"
                    ]
                }
            },
            "license": [
                "GPL-3.0+"
            ],
            "authors": [
                {
                    "name": "Patrick van Kouteren",
                    "email": "info@wedesignit.nl"
                },
                {
                    "name": "Gawain Lynch",
                    "email": "gawain.lynch@gmail.com"
                }
            ],
            "description": "RSS feeds extension for Bolt",
            "keywords": [
                "RSS"
            ],
            "support": {
                "source": "https://github.com/GawainLynch/bolt-extension-rssfeed/tree/v2.1.1",
                "issues": "https://github.com/GawainLynch/bolt-extension-rssfeed/issues"
            },
            "time": "2015-05-13 02:24:20"
        },
        {
            "name": "bolt/simpleforms",
            "version": "1.4",
            "source": {
                "type": "git",
                "url": "https://github.com/jadwigo/SimpleForms.git",
                "reference": "1f9dc6ac2a991d2741fdabbe0133023cd3401a5c"
            },
            "dist": {
                "type": "zip",
                "url": "https://api.github.com/repos/jadwigo/SimpleForms/zipball/1f9dc6ac2a991d2741fdabbe0133023cd3401a5c",
                "reference": "1f9dc6ac2a991d2741fdabbe0133023cd3401a5c",
                "shasum": ""
            },
            "require": {
                "bolt/bolt": ">=2.0.0,<3.0.0"
            },
            "type": "bolt-extension",
            "extra": {
                "branch-alias": {
                    "dev-master": "1.*"
                }
            },
            "autoload": {
                "files": [
                    "init.php"
                ],
                "psr-4": {
                    "Bolt\\Extension\\Bolt\\SimpleForms\\": ""
                }
            },
            "authors": [
                {
                    "name": "Lodewijk Evers",
                    "email": "lodewijk@twokings.nl",
                    "homepage": "https://github.com/jadwigo"
                }
            ],
            "description": "This extension will allow you to insert simple forms on your site, for users to get in touch, send you a quick note or something like that. To use, configure the required fields in config.yml, and place <code>{{ simpleform('contact') }}</code> in your templates.",
            "keywords": [
                "email",
                "forms",
                "input",
                "upload"
            ],
            "support": {
                "source": "https://github.com/jadwigo/SimpleForms/tree/1.4",
                "issues": "https://github.com/jadwigo/SimpleForms/issues"
            },
            "time": "2015-05-19 14:10:40"
        },
        {
            "name": "bolt/sitemap",
            "version": "1.0.3",
            "source": {
                "type": "git",
                "url": "https://github.com/bolt/Sitemap.git",
                "reference": "604ffe47182ba5d1032cdb6fa48e86672f10c57e"
            },
            "dist": {
                "type": "zip",
                "url": "https://api.github.com/repos/bolt/Sitemap/zipball/604ffe47182ba5d1032cdb6fa48e86672f10c57e",
                "reference": "604ffe47182ba5d1032cdb6fa48e86672f10c57e",
                "shasum": ""
            },
            "require": {
                "bolt/bolt": ">=2.0.0,<3.0.0"
            },
            "type": "bolt-extension",
            "autoload": {
                "files": [
                    "init.php"
                ],
                "psr-4": {
                    "Bolt\\Extension\\Bolt\\Sitemap\\": ""
                }
            },
            "license": [
                "MIT"
            ],
            "authors": [
                {
                    "name": "Bob den Otter",
                    "email": "bob@twokings.nl"
                },
                {
                    "name": "Patrick van Kouteren",
                    "email": "info@wedesignit.nl"
                }
            ],
            "description": "An extension to create XML sitemaps for your Bolt website.",
            "keywords": [
                "SEO",
                "sitemap"
            ],
            "support": {
                "source": "https://github.com/bolt/Sitemap/tree/1.0.3",
                "issues": "https://github.com/bolt/Sitemap/issues"
            },
            "time": "2015-04-21 13:16:35"
        }
    ],
    "packages-dev": [],
    "aliases": [],
    "minimum-stability": "stable",
    "stability-flags": [],
    "prefer-stable": true,
    "prefer-lowest": false,
    "platform": [],
    "platform-dev": []
}
